Microsoft Visual Studio Solution File, Format Version 12.00
# Visual Studio Version 17
VisualStudioVersion = 17.5.2.0
MinimumVisualStudioVersion = 10.0.40219.1
Project("{FAE04EC0-301F-11D3-BF4B-00C04F79EFBC}") = "vjezba", "vjezba.csproj", "{39BB8127-D417-C3EF-B413-D1E85AC19D6F}"
EndProject
Global
	GlobalSection(SolutionConfigurationPlatforms) = preSolution
		Debug|Any CPU = Debug|Any CPU
		Release|Any CPU = Release|Any CPU
	EndGlobalSection
	GlobalSection(ProjectConfigurationPlatforms) = postSolution
		{39BB8127-D417-C3EF-B413-D1E85AC19D6F}.Debug|Any CPU.ActiveCfg = Debug|Any CPU
		{39BB8127-D417-C3EF-B413-D1E85AC19D6F}.Debug|Any CPU.Build.0 = Debug|Any CPU
		{39BB8127-D417-C3EF-B413-D1E85AC19D6F}.Release|Any CPU.ActiveCfg = Release|Any CPU
		{39BB8127-D417-C3EF-B413-D1E85AC19D6F}.Release|Any CPU.Build.0 = Release|Any CPU
	EndGlobalSection
	GlobalSection(SolutionProperties) = preSolution
		HideSolutionNode = FALSE
	EndGlobalSection
	GlobalSection(ExtensibilityGlobals) = postSolution
		SolutionGuid = {1D35E2FD-ED54-449F-95EF-EC769B1EBDF3}
	EndGlobalSection
EndGlobal
